
Microsoft Visual Studio Solution File, Format Version 12.00
# Visual Studio Version 17
VisualStudioVersion = 17.1.32328.378
MinimumVisualStudioVersion = 10.0.40219.1
Project("{FAE04EC0-301F-11D3-BF4B-00C04F79EFBC}") = "Streamish", "Streamish\Streamish.csproj", "{10E8CEEF-AF9E-461C-B342-14647C8516A0}"
EndProject
Global
	GlobalSection(SolutionConfigurationPlatforms) = preSolution
		Debug|Any CPU = Debug|Any CPU
		Release|Any CPU = Release|Any CPU
	EndGlobalSection
	GlobalSection(ProjectConfigurationPlatforms) = postSolution
		{10E8CEEF-AF9E-461C-B342-14647C8516A0}.Debug|Any CPU.ActiveCfg = Debug|Any CPU
		{10E8CEEF-AF9E-461C-B342-14647C8516A0}.Debug|Any CPU.Build.0 = Debug|Any CPU
		{10E8CEEF-AF9E-461C-B342-14647C8516A0}.Release|Any CPU.ActiveCfg = Release|Any CPU
		{10E8CEEF-AF9E-461C-B342-14647C8516A0}.Release|Any CPU.Build.0 = Release|Any CPU
	EndGlobalSection
	GlobalSection(SolutionProperties) = preSolution
		HideSolutionNode = FALSE
	EndGlobalSection
	GlobalSection(ExtensibilityGlobals) = postSolution
		SolutionGuid = {839F987E-9C31-467B-831B-65E4B55CB14D}
	EndGlobalSection
EndGlobal
